// !$*UTF8*$!
{
	archiveVersion = 1;
	classes = {
	};
	objectVersion = 50;
	objects = {

/* Begin PBXBuildFile section */
		732E31E92491C131006ACA04 /* AppDelegate.swift in Sources */ = {isa = PBXBuildFile; fileRef = 732E31E82491C131006ACA04 /* AppDelegate.swift */; };
		732E31EB2491C131006ACA04 /* SceneDelegate.swift in Sources */ = {isa = PBXBuildFile; fileRef = 732E31EA2491C131006ACA04 /* SceneDelegate.swift */; };
		732E31ED2491C131006ACA04 /* ViewController.swift in Sources */ = {isa = PBXBuildFile; fileRef = 732E31EC2491C131006ACA04 /* ViewController.swift */; };
		732E31F02491C131006ACA04 /* Main.storyboard in Resources */ = {isa = PBXBuildFile; fileRef = 732E31EE2491C131006ACA04 /* Main.storyboard */; };
		732E31F22491C133006ACA04 /* Assets.xcassets in Resources */ = {isa = PBXBuildFile; fileRef = 732E31F12491C133006ACA04 /* Assets.xcassets */; };
		732E31F52491C133006ACA04 /* LaunchScreen.storyboard in Resources */ = {isa = PBXBuildFile; fileRef = 732E31F32491C133006ACA04 /* LaunchScreen.storyboard */; };
		732E31FD2491C1BE006ACA04 /* TableCell.swift in Sources */ = {isa = PBXBuildFile; fileRef = 732E31FC2491C1BE006ACA04 /* TableCell.swift */; };
		732E31FF2491C231006ACA04 /* CollectionCell.swift in Sources */ = {isa = PBXBuildFile; fileRef = 732E31FE2491C231006ACA04 /* CollectionCell.swift */; };
/* End PBXBuildFile section */

/* Begin PBXFileReference section */
		732E31E52491C131006ACA04 /* thisTime.app */ = {isa = PBXFileReference; explicitFileType = wrapper.application; includeInIndex = 0; path = thisTime.app; sourceTree = BUILT_PRODUCTS_DIR; };
		732E31E82491C131006ACA04 /* AppDelegate.swift */ = {isa = PBXFileReference; lastKnownFileType = sourcecode.swift; path = AppDelegate.swift; sourceTree = "<group>"; };
		732E31EA2491C131006ACA04 /* SceneDelegate.swift */ = {isa = PBXFileReference; lastKnownFileType = sourcecode.swift; path = SceneDelegate.swift; sourceTree = "<group>"; };
		732E31EC2491C131006ACA04 /* ViewController.swift */ = {isa = PBXFileReference; lastKnownFileType = sourcecode.swift; path = ViewController.swift; sourceTree = "<group>"; };
		732E31EF2491C131006ACA04 /* Base */ = {isa = PBXFileReference; lastKnownFileType = file.storyboard; name = Base; path = Base.lproj/Main.storyboard; sourceTree = "<group>"; };
		732E31F12491C133006ACA04 /* Assets.xcassets */ = {isa = PBXFileReference; lastKnownFileType = folder.assetcatalog; path = Assets.xcassets; sourceTree = "<group>"; };
		732E31F42491C133006ACA04 /* Base */ = {isa = PBXFileReference; lastKnownFileType = file.storyboard; name = Base; path = Base.lproj/LaunchScreen.storyboard; sourceTree = "<group>"; };
		732E31F62491C133006ACA04 /* Info.plist */ = {isa = PBXFileReference; lastKnownFileType = text.plist.xml; path = Info.plist; sourceTree = "<group>"; };
		732E31FC2491C1BE006ACA04 /* TableCell.swift */ = {isa = PBXFileReference; lastKnownFileType = sourcecode.swift; path = TableCell.swift; sourceTree = "<group>"; };
		732E31FE2491C231006ACA04 /* CollectionCell.swift */ = {isa = PBXFileReference; lastKnownFileType = sourcecode.swift; path = CollectionCell.swift; sourceTree = "<group>"; };
/* End PBXFileReference section */

/* Begin PBXFrameworksBuildPhase section */
		732E31E22491C131006ACA04 /* Frameworks */ = {
			isa = PBXFrameworksBuildPhase;
			buildActionMask = 2147483647;
			files = (
			);
			runOnlyForDeploymentPostprocessing = 0;
		};
/* End PBXFrameworksBuildPhase section */

/* Begin PBXGroup section */
		732E31DC2491C130006ACA04 = {
			isa = PBXGroup;
			children = (
				732E31E72491C131006ACA04 /* thisTime */,
				732E31E62491C131006ACA04 /* Products */,
			);
			sourceTree = "<group>";
		};
		732E31E62491C131006ACA04 /* Products */ = {
			isa = PBXGroup;
			children = (
				732E31E52491C131006ACA04 /* thisTime.app */,
			);
			name = Products;
			sourceTree = "<group>";
		};
		732E31E72491C131006ACA04 /* thisTime */ = {
			isa = PBXGroup;
			children = (
				732E31E82491C131006ACA04 /* AppDelegate.swift */,
				732E31EA2491C131006ACA04 /* SceneDelegate.swift */,
				732E31EC2491C131006ACA04 /* ViewController.swift */,
				732E31EE2491C131006ACA04 /* Main.storyboard */,
				732E31F12491C133006ACA04 /* Assets.xcassets */,
				732E31F32491C133006ACA04 /* LaunchScreen.storyboard */,
				732E31F62491C133006ACA04 /* Info.plist */,
				732E31FC2491C1BE006ACA04 /* TableCell.swift */,
				732E31FE2491C231006ACA04 /* CollectionCell.swift */,
			);
			path = thisTime;
			sourceTree = "<group>";
		};
/* End PBXGroup section */

/* Begin PBXNativeTarget section */
		732E31E42491C131006ACA04 /* thisTime */ = {
			isa = PBXNativeTarget;
			buildConfigurationList = 732E31F92491C133006ACA04 /* Build configuration list for PBXNativeTarget "thisTime" */;
			buildPhases = (
				732E31E12491C131006ACA04 /* Sources */,
				732E31E22491C131006ACA04 /* Frameworks */,
				732E31E32491C131006ACA04 /* Resources */,
			);
			buildRules = (
			);
			dependencies = (
			);
			name = thisTime;
			productName = thisTime;
			productReference = 732E31E52491C131006ACA04 /* thisTime.app */;
			productType = "com.apple.product-type.application";
		};
/* End PBXNativeTarget section */

/* Begin PBXProject section */
		732E31DD2491C130006ACA04 /* Project object */ = {
			isa = PBXProject;
			attributes = {
				LastSwiftUpdateCheck = 1140;
				LastUpgradeCheck = 1140;
				ORGANIZATIONNAME = Preston;
				TargetAttributes = {
					732E31E42491C131006ACA04 = {
						CreatedOnToolsVersion = 11.4.1;
					};
				};
			};
			buildConfigurationList = 732E31E02491C130006ACA04 /* Build configuration list for PBXProject "thisTime" */;
			compatibilityVersion = "Xcode 9.3";
			developmentRegion = en;
			hasScannedForEncodings = 0;
			knownRegions = (
				en,
				Base,
			);
			mainGroup = 732E31DC2491C130006ACA04;
			productRefGroup = 732E31E62491C131006ACA04 /* Products */;
			projectDirPath = "";
			projectRoot = "";
			targets = (
				732E31E42491C131006ACA04 /* thisTime */,
			);
		};
/* End PBXProject section */

/* Begin PBXResourcesBuildPhase section */
		732E31E32491C131006ACA04 /* Resources */ = {
			isa = PBXResourcesBuildPhase;
			buildActionMask = 2147483647;
			files = (
				732E31F52491C133006ACA04 /* LaunchScreen.storyboard in Resources */,
				732E31F22491C133006ACA04 /* Assets.xcassets in Resources */,
				732E31F02491C131006ACA04 /* Main.storyboard in Resources */,
			);
			runOnlyForDeploymentPostprocessing = 0;
		};
/* End PBXResourcesBuildPhase section */

/* Begin PBXSourcesBuildPhase section */
		732E31E12491C131006ACA04 /* Sources */ = {
			isa = PBXSourcesBuildPhase;
			buildActionMask = 2147483647;
			files = (
				732E31ED2491C131006ACA04 /* ViewController.swift in Sources */,
				732E31E92491C131006ACA04 /* AppDelegate.swift in Sources */,
				732E31FD2491C1BE006ACA04 /* TableCell.swift in Sources */,
				732E31EB2491C131006ACA04 /* SceneDelegate.swift in Sources */,
				732E31FF2491C231006ACA04 /* CollectionCell.swift in Sources */,
			);
			runOnlyForDeploymentPostprocessing = 0;
		};
/* End PBXSourcesBuildPhase section */

/* Begin PBXVariantGroup section */
		732E31EE2491C131006ACA04 /* Main.storyboard */ = {
			isa = PBXVariantGroup;
			children = (
				732E31EF2491C131006ACA04 /* Base */,
			);
			name = Main.storyboard;
			sourceTree = "<group>";
		};
		732E31F32491C133006ACA04 /* LaunchScreen.storyboard */ = {
			isa = PBXVariantGroup;
			children = (
				732E31F42491C133006ACA04 /* Base */,
			);
			name = LaunchScreen.storyboard;
			sourceTree = "<group>";
		};
/* End PBXVariantGroup section */

/* Begin XCBuildConfiguration section */
		732E31F72491C133006ACA04 /* Debug */ = {
			isa = XCBuildConfiguration;
			buildSettings = {
				ALWAYS_SEARCH_USER_PATHS = NO;
				CLANG_ANALYZER_NONNULL = YES;
				CLANG_ANALYZER_NUMBER_OBJECT_CONVERSION = YES_AGGRESSIVE;
				CLANG_CXX_LANGUAGE_STANDARD = "gnu++14";
				CLANG_CXX_LIBRARY = "libc++";
				CLANG_ENABLE_MODULES = YES;
				CLANG_ENABLE_OBJC_ARC = YES;
				CLANG_ENABLE_OBJC_WEAK = YES;
				CLANG_WARN_BLOCK_CAPTURE_AUTORELEASING = YES;
				CLANG_WARN_BOOL_CONVERSION = YES;
				CLANG_WARN_COMMA = YES;
				CLANG_WARN_CONSTANT_CONVERSION = YES;
				CLANG_WARN_DEPRECATED_OBJC_IMPLEMENTATIONS = YES;
				CLANG_WARN_DIRECT_OBJC_ISA_USAGE = YES_ERROR;
				CLANG_WARN_DOCUMENTATION_COMMENTS = YES;
				CLANG_WARN_EMPTY_BODY = YES;
				CLANG_WARN_ENUM_CONVERSION = YES;
				CLANG_WARN_INFINITE_RECURSION = YES;
				CLANG_WARN_INT_CONVERSION = YES;
				CLANG_WARN_NON_LITERAL_NULL_CONVERSION = YES;
				CLANG_WARN_OBJC_IMPLICIT_RETAIN_SELF = YES;
				CLANG_WARN_OBJC_LITERAL_CONVERSION = YES;
				CLANG_WARN_OBJC_ROOT_CLASS = YES_ERROR;
				CLANG_WARN_RANGE_LOOP_ANALYSIS = YES;
				CLANG_WARN_STRICT_PROTOTYPES = YES;
				CLANG_WARN_SUSPICIOUS_MOVE = YES;
				CLANG_WARN_UNGUARDED_AVAILABILITY = YES_AGGRESSIVE;
				CLANG_WARN_UNREACHABLE_CODE = YES;
				CLANG_WARN__DUPLICATE_METHOD_MATCH = YES;
				COPY_PHASE_STRIP = NO;
				DEBUG_INFORMATION_FORMAT = dwarf;
				ENABLE_STRICT_OBJC_MSGSEND = YES;
				ENABLE_TESTABILITY = YES;
				GCC_C_LANGUAGE_STANDARD = gnu11;
				GCC_DYNAMIC_NO_PIC = NO;
				GCC_NO_COMMON_BLOCKS = YES;
				GCC_OPTIMIZATION_LEVEL = 0;
				GCC_PREPROCESSOR_DEFINITIONS = (
					"DEBUG=1",
					"$(inherited)",
				);
				GCC_WARN_64_TO_32_BIT_CONVERSION = YES;
				GCC_WARN_ABOUT_RETURN_TYPE = YES_ERROR;
				GCC_WARN_UNDECLARED_SELECTOR = YES;
				GCC_WARN_UNINITIALIZED_AUTOS = YES_AGGRESSIVE;
				GCC_WARN_UNUSED_FUNCTION = YES;
				GCC_WARN_UNUSED_VARIABLE = YES;
				IPHONEOS_DEPLOYMENT_TARGET = 13.4;
				MTL_ENABLE_DEBUG_INFO = INCLUDE_SOURCE;
				MTL_FAST_MATH = YES;
				ONLY_ACTIVE_ARCH = YES;
				SDKROOT = iphoneos;
				SWIFT_ACTIVE_COMPILATION_CONDITIONS = DEBUG;
				SWIFT_OPTIMIZATION_LEVEL = "-Onone";
			};
			name = Debug;
		};
		732E31F82491C133006ACA04 /* Release */ = {
			isa = XCBuildConfiguration;
			buildSettings = {
				ALWAYS_SEARCH_USER_PATHS = NO;
				CLANG_ANALYZER_NONNULL = YES;
				CLANG_ANALYZER_NUMBER_OBJECT_CONVERSION = YES_AGGRESSIVE;
				CLANG_CXX_LANGUAGE_STANDARD = "gnu++14";
				CLANG_CXX_LIBRARY = "libc++";
				CLANG_ENABLE_MODULES = YES;
				CLANG_ENABLE_OBJC_ARC = YES;
				CLANG_ENABLE_OBJC_WEAK = YES;
				CLANG_WARN_BLOCK_CAPTURE_AUTORELEASING = YES;
				CLANG_WARN_BOOL_CONVERSION = YES;
				CLANG_WARN_COMMA = YES;
				CLANG_WARN_CONSTANT_CONVERSION = YES;
				CLANG_WARN_DEPRECATED_OBJC_IMPLEMENTATIONS = YES;
				CLANG_WARN_DIRECT_OBJC_ISA_USAGE = YES_ERROR;
				CLANG_WARN_DOCUMENTATION_COMMENTS = YES;
				CLANG_WARN_EMPTY_BODY = YES;
				CLANG_WARN_ENUM_CONVERSION = YES;
				CLANG_WARN_INFINITE_RECURSION = YES;
				CLANG_WARN_INT_CONVERSION = YES;
				CLANG_WARN_NON_LITERAL_NULL_CONVERSION = YES;
				CLANG_WARN_OBJC_IMPLICIT_RETAIN_SELF = YES;
				CLANG_WARN_OBJC_LITERAL_CONVERSION = YES;
				CLANG_WARN_OBJC_ROOT_CLASS = YES_ERROR;
				CLANG_WARN_RANGE_LOOP_ANALYSIS = YES;
				CLANG_WARN_STRICT_PROTOTYPES = YES;
				CLANG_WARN_SUSPICIOUS_MOVE = YES;
				CLANG_WARN_UNGUARDED_AVAILABILITY = YES_AGGRESSIVE;
				CLANG_WARN_UNREACHABLE_CODE = YES;
				CLANG_WARN__DUPLICATE_METHOD_MATCH = YES;
				COPY_PHASE_STRIP = NO;
				DEBUG_INFORMATION_FORMAT = "dwarf-with-dsym";
				ENABLE_NS_ASSERTIONS = NO;
				ENABLE_STRICT_OBJC_MSGSEND = YES;
				GCC_C_LANGUAGE_STANDARD = gnu11;
				GCC_NO_COMMON_BLOCKS = YES;
				GCC_WARN_64_TO_32_BIT_CONVERSION = YES;
				GCC_WARN_ABOUT_RETURN_TYPE = YES_ERROR;
				GCC_WARN_UNDECLARED_SELECTOR = YES;
				GCC_WARN_UNINITIALIZED_AUTOS = YES_AGGRESSIVE;
				GCC_WARN_UNUSED_FUNCTION = YES;
				GCC_WARN_UNUSED_VARIABLE = YES;
				IPHONEOS_DEPLOYMENT_TARGET = 13.4;
				MTL_ENABLE_DEBUG_INFO = NO;
				MTL_FAST_MATH = YES;
				SDKROOT = iphoneos;
				SWIFT_COMPILATION_MODE = wholemodule;
				SWIFT_OPTIMIZATION_LEVEL = "-O";
				VALIDATE_PRODUCT = YES;
			};
			name = Release;
		};
		732E31FA2491C133006ACA04 /* Debug */ = {
			isa = XCBuildConfiguration;
			buildSettings = {
				ASSETCATALOG_COMPILER_APPICON_NAME = AppIcon;
				CODE_SIGN_STYLE = Automatic;
				DEVELOPMENT_TEAM = PQPS87MJ7H;
				INFOPLIST_FILE = thisTime/Info.plist;
				LD_RUNPATH_SEARCH_PATHS = (
					"$(inherited)",
					"@executable_path/Frameworks",
				);
				PRODUCT_BUNDLE_IDENTIFIER = "Preston-Blake.thisTime";
				PRODUCT_NAME = "$(TARGET_NAME)";
				SWIFT_VERSION = 5.0;
				TARGETED_DEVICE_FAMILY = "1,2";
			};
			name = Debug;
		};
		732E31FB2491C133006ACA04 /* Release */ = {
			isa = XCBuildConfiguration;
			buildSettings = {
				ASSETCATALOG_COMPILER_APPICON_NAME = AppIcon;
				CODE_SIGN_STYLE = Automatic;
				DEVELOPMENT_TEAM = PQPS87MJ7H;
				INFOPLIST_FILE = thisTime/Info.plist;
				LD_RUNPATH_SEARCH_PATHS = (
					"$(inherited)",
					"@executable_path/Frameworks",
				);
				PRODUCT_BUNDLE_IDENTIFIER = "Preston-Blake.thisTime";
				PRODUCT_NAME = "$(TARGET_NAME)";
				SWIFT_VERSION = 5.0;
				TARGETED_DEVICE_FAMILY = "1,2";
			};
			name = Release;
		};
/* End XCBuildConfiguration section */

/* Begin XCConfigurationList section */
		732E31E02491C130006ACA04 /* Build configuration list for PBXProject "thisTime" */ = {
			isa = XCConfigurationList;
			buildConfigurations = (
				732E31F72491C133006ACA04 /* Debug */,
				732E31F82491C133006ACA04 /* Release */,
			);
			defaultConfigurationIsVisible = 0;
			defaultConfigurationName = Release;
		};
		732E31F92491C133006ACA04 /* Build configuration list for PBXNativeTarget "thisTime" */ = {
			isa = XCConfigurationList;
			buildConfigurations = (
				732E31FA2491C133006ACA04 /* Debug */,
				732E31FB2491C133006ACA04 /* Release */,
			);
			defaultConfigurationIsVisible = 0;
			defaultConfigurationName = Release;
		};
/* End XCConfigurationList section */
	};
	rootObject = 732E31DD2491C130006ACA04 /* Project object */;
}
